
Microsoft Visual Studio Solution File, Format Version 12.00
# Visual Studio Version 16
VisualStudioVersion = 16.0.29920.165
MinimumVisualStudioVersion = 10.0.40219.1
Project("{FAE04EC0-301F-11D3-BF4B-00C04F79EFBC}") = "Aleb.Server", "Aleb.Server\Aleb.Server.csproj", "{56B851A8-47A5-473E-87E8-132CFE6F66AF}"
EndProject
Global
	GlobalSection(SolutionConfigurationPlatforms) = preSolution
		Debug|Any CPU = Debug|Any CPU
		Release|Any CPU = Release|Any CPU
	EndGlobalSection
	GlobalSection(ProjectConfigurationPlatforms) = postSolution
		{56B851A8-47A5-473E-87E8-132CFE6F66AF}.Debug|Any CPU.ActiveCfg = Debug|Any CPU
		{56B851A8-47A5-473E-87E8-132CFE6F66AF}.Debug|Any CPU.Build.0 = Debug|Any CPU
		{56B851A8-47A5-473E-87E8-132CFE6F66AF}.Release|Any CPU.ActiveCfg = Release|Any CPU
		{56B851A8-47A5-473E-87E8-132CFE6F66AF}.Release|Any CPU.Build.0 = Release|Any CPU
	EndGlobalSection
	GlobalSection(SolutionProperties) = preSolution
		HideSolutionNode = FALSE
	EndGlobalSection
	GlobalSection(ExtensibilityGlobals) = postSolution
		SolutionGuid = {7CA4C4BE-016E-4971-B242-1D7712A6D0CD}
	EndGlobalSection
EndGlobal
